<?xml version="1.0" encoding="utf-8"?>
<Project ToolsVersion="4.0" xmlns="http://schemas.microsoft.com/developer/msbuild/2003">
  <ItemGroup>
    <Filter Include="Source Files">
      <UniqueIdentifier>{4FC737F1-C7A5-4376-A066-2A32D752A2FF}</UniqueIdentifier>
      <Extensions>cpp;c;cc;cxx;def;odl;idl;hpj;bat;asm;asmx</Extensions>
    </Filter>
    <Filter Include="Header Files">
      <UniqueIdentifier>{93995380-89BD-4b04-88EB-625FBE52EBFB}</UniqueIdentifier>
      <Extensions>h;hh;hpp;hxx;hm;inl;inc;xsd</Extensions>
    </Filter>
    <Filter Include="Resource Files">
      <UniqueIdentifier>{D9D6E242-F8AF-46E4-B9FD-80ECBC20BA3E}</UniqueIdentifier>
      <Extensions>qrc;*</Extensions>
      <ParseFiles>false</ParseFiles>
    </Filter>
    <Filter Include="Resource Files">
      <UniqueIdentifier>{D9D6E242-F8AF-46E4-B9FD-80ECBC20BA3E}</UniqueIdentifier>
      <Extensions>qrc;*</Extensions>
      <ParseFiles>false</ParseFiles>
    </Filter>
    <Filter Include="Generated Files">
      <UniqueIdentifier>{71ED8ED8-ACB9-4CE9-BBE1-E00B30144E11}</UniqueIdentifier>
      <Extensions>moc;h;cpp</Extensions>
      <SourceControlFiles>False</SourceControlFiles>
    </Filter>
    <Filter Include="Header Files\asam_mdf4_lib">
      <UniqueIdentifier>{31bf81a8-c9ae-4f5e-8ef3-0bf4a6edcc8f}</UniqueIdentifier>
    </Filter>
    <Filter Include="Source Files\asam_mdf4_lib">
      <UniqueIdentifier>{7dd55968-14db-4e4a-9c45-e1d89b7adcae}</UniqueIdentifier>
    </Filter>
    <Filter Include="Generated Files\Debug">
      <UniqueIdentifier>{99c7d70f-ac6d-431e-8f59-4aa4aca42c3b}</UniqueIdentifier>
      <Extensions>cpp;moc</Extensions>
      <SourceControlFiles>False</SourceControlFiles>
    </Filter>
    <Filter Include="Generated Files\Release">
      <UniqueIdentifier>{e46ec868-1405-4fd3-898f-68bde4c35373}</UniqueIdentifier>
      <Extensions>cpp;moc</Extensions>
      <SourceControlFiles>False</SourceControlFiles>
    </Filter>
  </ItemGroup>
  <ItemGroup>
    <ClCompile Include="main.cpp">
      <Filter>Source Files</Filter>
    </ClCompile>
    <ClCompile Include="..\asam_mdf4_lib\mdFile.cpp">
      <Filter>Source Files\asam_mdf4_lib</Filter>
    </ClCompile>
    <ClCompile Include="..\asam_mdf4_lib\mdf4.cpp">
      <Filter>Source Files\asam_mdf4_lib</Filter>
    </ClCompile>
    <ClCompile Include="..\asam_mdf4_lib\md5.cpp">
      <Filter>Source Files\asam_mdf4_lib</Filter>
    </ClCompile>
    <ClCompile Include="stdafx.cpp">
      <Filter>Source Files</Filter>
    </ClCompile>
    <ClCompile Include="GeneratedFiles\Debug\moc_qrwmdf.cpp">
      <Filter>Generated Files\Debug</Filter>
    </ClCompile>
    <ClCompile Include="GeneratedFiles\Release\moc_qrwmdf.cpp">
      <Filter>Generated Files\Release</Filter>
    </ClCompile>
    <ClCompile Include="qrwmdf.cpp">
      <Filter>Source Files</Filter>
    </ClCompile>
    <ClCompile Include="_rwmdf.cpp">
      <Filter>Source Files</Filter>
    </ClCompile>
  </ItemGroup>
  <ItemGroup>
    <ClInclude Include="..\asam_mdf4_lib\dynArray.h">
      <Filter>Header Files\asam_mdf4_lib</Filter>
    </ClInclude>
    <ClInclude Include="..\asam_mdf4_lib\md5.h">
      <Filter>Header Files\asam_mdf4_lib</Filter>
    </ClInclude>
    <ClInclude Include="..\asam_mdf4_lib\mdf4.h">
      <Filter>Header Files\asam_mdf4_lib</Filter>
    </ClInclude>
    <ClInclude Include="..\asam_mdf4_lib\mdfConfig.h">
      <Filter>Header Files\asam_mdf4_lib</Filter>
    </ClInclude>
    <ClInclude Include="..\asam_mdf4_lib\mdFile.h">
      <Filter>Header Files\asam_mdf4_lib</Filter>
    </ClInclude>
    <ClInclude Include="..\asam_mdf4_lib\mdfTypes.h">
      <Filter>Header Files\asam_mdf4_lib</Filter>
    </ClInclude>
    <ClInclude Include="..\asam_mdf4_lib\Ptrlist.h">
      <Filter>Header Files\asam_mdf4_lib</Filter>
    </ClInclude>
    <ClInclude Include="..\asam_mdf4_lib\utf8.h">
      <Filter>Header Files\asam_mdf4_lib</Filter>
    </ClInclude>
    <ClInclude Include="stdafx.h">
      <Filter>Header Files</Filter>
    </ClInclude>
    <ClInclude Include="targetver.h">
      <Filter>Header Files</Filter>
    </ClInclude>
    <ClInclude Include="_rwmdf.h">
      <Filter>Header Files</Filter>
    </ClInclude>
    <ClInclude Include="_rwmdftypes.h">
      <Filter>Header Files</Filter>
    </ClInclude>
  </ItemGroup>
  <ItemGroup>
    <CustomBuild Include="qrwmdf.h">
      <Filter>Header Files</Filter>
    </CustomBuild>
  </ItemGroup>
</Project>